{
  "originHash" : "dc148c10d17a24224d392b611803a8f43dff685715872721e77cdefb4834661b",
  "pins" : [
    {
      "identity" : "mediaremote-adapter",
      "kind" : "remoteSourceControl",
      "location" : "https://github.com/ejbills/mediaremote-adapter.git",
      "state" : {
        "branch" : "master",
        "revision" : "a6d707dd19f1204b831531760b116b621afe7a6b"
      }
    },
    {
      "identity" : "skylightwindow",
      "kind" : "remoteSourceControl",
      "location" : "https://github.com/Lakr233/SkyLightWindow",
      "state" : {
        "revision" : "b7bd99f62a0673a99bed4bfd31098ca1dcdd10eb",
        "version" : "1.0.0"
      }
    },
    {
      "identity" : "sparkle",
      "kind" : "remoteSourceControl",
      "location" : "https://github.com/sparkle-project/Sparkle",
      "state" : {
        "revision" : "21d8df80440b1ca3b65fa82e40782f1e5a9e6ba2",
        "version" : "2.9.0"
      }
    }
  ],
  "version" : 3
}
